
Microsoft Visual Studio Solution File, Format Version 12.00
# Visual Studio 2013
VisualStudioVersion = 12.0.40629.0
MinimumVisualStudioVersion = 10.0.40219.1
Project("{FAE04EC0-301F-11D3-BF4B-00C04F79EFBC}") = "magicfile", "magicfile\magicfile.csproj", "{F5F8D154-972A-4D08-9E9B-6C48EFE4C0BF}"
EndProject
Project("{8BC9CEB8-8B4A-11D0-8D11-00A0C91BC942}") = "zzzDist", "zzzDist\zzzDist.vcxproj", "{724A129C-9A9A-48F1-979C-26D0E095C529}"
	ProjectSection(ProjectDependencies) = postProject
		{F5F8D154-972A-4D08-9E9B-6C48EFE4C0BF} = {F5F8D154-972A-4D08-9E9B-6C48EFE4C0BF}
	EndProjectSection
EndProject
Global
	GlobalSection(SolutionConfigurationPlatforms) = preSolution
		Debug|Any CPU = Debug|Any CPU
		Release|Any CPU = Release|Any CPU
	EndGlobalSection
	GlobalSection(ProjectConfigurationPlatforms) = postSolution
		{F5F8D154-972A-4D08-9E9B-6C48EFE4C0BF}.Debug|Any CPU.ActiveCfg = Debug|Any CPU
		{F5F8D154-972A-4D08-9E9B-6C48EFE4C0BF}.Debug|Any CPU.Build.0 = Debug|Any CPU
		{F5F8D154-972A-4D08-9E9B-6C48EFE4C0BF}.Release|Any CPU.ActiveCfg = Release|Any CPU
		{F5F8D154-972A-4D08-9E9B-6C48EFE4C0BF}.Release|Any CPU.Build.0 = Release|Any CPU
		{724A129C-9A9A-48F1-979C-26D0E095C529}.Debug|Any CPU.ActiveCfg = Debug|Win32
		{724A129C-9A9A-48F1-979C-26D0E095C529}.Release|Any CPU.ActiveCfg = Release|Win32
		{724A129C-9A9A-48F1-979C-26D0E095C529}.Release|Any CPU.Build.0 = Release|Win32
	EndGlobalSection
	GlobalSection(SolutionProperties) = preSolution
		HideSolutionNode = FALSE
	EndGlobalSection
EndGlobal
